{
  "name": "projeto-json",
  "version": "1.0.0",
  "lockfileVersion": 3,
  "requires": true,
  "packages": {
    "": {
      "name": "projeto-json",
      "version": "1.0.0",
      "license": "ISC",
      "dependencies": {
        "fs": "^0.0.1-security",
        "tldts": "^6.1.70"
      }
    },
    "node_modules/fs": {
      "version": "0.0.1-security",
      "resolved": "https://registry.npmjs.org/fs/-/fs-0.0.1-security.tgz",
      "integrity": "sha512-3XY9e1pP0CVEUCdj5BmfIZxRBTSDycnbqhIOGec9QYtmVH2fbLpj86CFWkrNOkt/Fvty4KZG5lTglL9j/gJ87w==",
      "license": "ISC"
    },
    "node_modules/tldts": {
      "version": "6.1.70",
      "resolved": "https://registry.npmjs.org/tldts/-/tldts-6.1.70.tgz",
      "integrity": "sha512-/W1YVgYVJd9ZDjey5NXadNh0mJXkiUMUue9Zebd0vpdo1sU+H4zFFTaJ1RKD4N6KFoHfcXy6l+Vu7bh+bdWCzA==",
      "license": "MIT",
      "dependencies": {
        "tldts-core": "^6.1.70"
      },
      "bin": {
        "tldts": "bin/cli.js"
      }
    },
    "node_modules/tldts-core": {
      "version": "6.1.70",
      "resolved": "https://registry.npmjs.org/tldts-core/-/tldts-core-6.1.70.tgz",
      "integrity": "sha512-RNnIXDB1FD4T9cpQRErEqw6ZpjLlGdMOitdV+0xtbsnwr4YFka1zpc7D4KD+aAn8oSG5JyFrdasZTE04qDE9Yg==",
      "license": "MIT"
    }
  }
}
